
Microsoft Visual Studio Solution File, Format Version 12.00
# Visual Studio Version 17
VisualStudioVersion = 17.7.34031.279
MinimumVisualStudioVersion = 10.0.40219.1
Project("{FAE04EC0-301F-11D3-BF4B-00C04F79EFBC}") = "BookLibrary.API", "BookLibrary.API\BookLibrary.API.csproj", "{9CD4733E-A093-44A7-ABE1-C7B48FE215A1}"
EndProject
Project("{FAE04EC0-301F-11D3-BF4B-00C04F79EFBC}") = "BookLibrary.Services", "BookLibrary.Services\BookLibrary.Services.csproj", "{1038B572-516B-47DE-897C-F29930990882}"
EndProject
Project("{FAE04EC0-301F-11D3-BF4B-00C04F79EFBC}") = "BookLibrary.Models", "BookLibrary.Models\BookLibrary.Models.csproj", "{C2FF8959-F605-4440-BB4B-4ADDEB63BD62}"
EndProject
Global
	GlobalSection(SolutionConfigurationPlatforms) = preSolution
		Debug|Any CPU = Debug|Any CPU
		Release|Any CPU = Release|Any CPU
	EndGlobalSection
	GlobalSection(ProjectConfigurationPlatforms) = postSolution
		{9CD4733E-A093-44A7-ABE1-C7B48FE215A1}.Debug|Any CPU.ActiveCfg = Debug|Any CPU
		{9CD4733E-A093-44A7-ABE1-C7B48FE215A1}.Debug|Any CPU.Build.0 = Debug|Any CPU
		{9CD4733E-A093-44A7-ABE1-C7B48FE215A1}.Release|Any CPU.ActiveCfg = Release|Any CPU
		{9CD4733E-A093-44A7-ABE1-C7B48FE215A1}.Release|Any CPU.Build.0 = Release|Any CPU
		{1038B572-516B-47DE-897C-F29930990882}.Debug|Any CPU.ActiveCfg = Debug|Any CPU
		{1038B572-516B-47DE-897C-F29930990882}.Debug|Any CPU.Build.0 = Debug|Any CPU
		{1038B572-516B-47DE-897C-F29930990882}.Release|Any CPU.ActiveCfg = Release|Any CPU
		{1038B572-516B-47DE-897C-F29930990882}.Release|Any CPU.Build.0 = Release|Any CPU
		{C2FF8959-F605-4440-BB4B-4ADDEB63BD62}.Debug|Any CPU.ActiveCfg = Debug|Any CPU
		{C2FF8959-F605-4440-BB4B-4ADDEB63BD62}.Debug|Any CPU.Build.0 = Debug|Any CPU
		{C2FF8959-F605-4440-BB4B-4ADDEB63BD62}.Release|Any CPU.ActiveCfg = Release|Any CPU
		{C2FF8959-F605-4440-BB4B-4ADDEB63BD62}.Release|Any CPU.Build.0 = Release|Any CPU
	EndGlobalSection
	GlobalSection(SolutionProperties) = preSolution
		HideSolutionNode = FALSE
	EndGlobalSection
	GlobalSection(ExtensibilityGlobals) = postSolution
		SolutionGuid = {548E74B1-1827-4697-9952-D6C1A24360B5}
	EndGlobalSection
EndGlobal
